
Microsoft Visual Studio Solution File, Format Version 12.00
# Visual Studio 14
VisualStudioVersion = 14.0.25420.1
MinimumVisualStudioVersion = 10.0.40219.1
Project("{2150E333-8FDC-42A3-9474-1A3956D46DE8}") = "Solution Items", "Solution Items", "{E12F5476-CF44-4EB0-9B51-AAB4F0089B98}"
	ProjectSection(SolutionItems) = preProject
		build.cmd = build.cmd
		build.fsx = build.fsx
		CHANGELOG.md = CHANGELOG.md
		global.json = global.json
		README.md = README.md
		SourceHeader.cs = SourceHeader.cs
	EndProjectSection
EndProject
Project("{8BB2217D-0F2D-49D1-97BC-3654ED321F3B}") = "ConcurrencyUtilities", "src\ConcurrencyUtilities\ConcurrencyUtilities.xproj", "{881841E9-822F-4D2F-BEAC-0A7B1F4AF8CE}"
EndProject
Project("{2150E333-8FDC-42A3-9474-1A3956D46DE8}") = "Test", "Test", "{9028AF21-8BC8-469E-BF5F-267A80F9AC02}"
EndProject
Project("{8BB2217D-0F2D-49D1-97BC-3654ED321F3B}") = "ConcurrencyUtilities.Tests", "test\ConcurrencyUtilities.Tests\ConcurrencyUtilities.Tests.xproj", "{804EB780-3C78-4314-B162-3309BC55E313}"
EndProject
Project("{8BB2217D-0F2D-49D1-97BC-3654ED321F3B}") = "ConcurrencyUtilities.Benchmarks", "Test\ConcurrencyUtilities.Benchmarks\ConcurrencyUtilities.Benchmarks.xproj", "{746CAF52-2AB6-4E0E-8485-26066C01C7EC}"
EndProject
Global
	GlobalSection(SolutionConfigurationPlatforms) = preSolution
		Debug|Any CPU = Debug|Any CPU
		Release|Any CPU = Release|Any CPU
	EndGlobalSection
	GlobalSection(ProjectConfigurationPlatforms) = postSolution
		{881841E9-822F-4D2F-BEAC-0A7B1F4AF8CE}.Debug|Any CPU.ActiveCfg = Debug|Any CPU
		{881841E9-822F-4D2F-BEAC-0A7B1F4AF8CE}.Debug|Any CPU.Build.0 = Debug|Any CPU
		{881841E9-822F-4D2F-BEAC-0A7B1F4AF8CE}.Release|Any CPU.ActiveCfg = Release|Any CPU
		{881841E9-822F-4D2F-BEAC-0A7B1F4AF8CE}.Release|Any CPU.Build.0 = Release|Any CPU
		{804EB780-3C78-4314-B162-3309BC55E313}.Debug|Any CPU.ActiveCfg = Debug|Any CPU
		{804EB780-3C78-4314-B162-3309BC55E313}.Debug|Any CPU.Build.0 = Debug|Any CPU
		{804EB780-3C78-4314-B162-3309BC55E313}.Release|Any CPU.ActiveCfg = Release|Any CPU
		{804EB780-3C78-4314-B162-3309BC55E313}.Release|Any CPU.Build.0 = Release|Any CPU
		{746CAF52-2AB6-4E0E-8485-26066C01C7EC}.Debug|Any CPU.ActiveCfg = Debug|Any CPU
		{746CAF52-2AB6-4E0E-8485-26066C01C7EC}.Debug|Any CPU.Build.0 = Debug|Any CPU
		{746CAF52-2AB6-4E0E-8485-26066C01C7EC}.Release|Any CPU.ActiveCfg = Release|Any CPU
		{746CAF52-2AB6-4E0E-8485-26066C01C7EC}.Release|Any CPU.Build.0 = Release|Any CPU
	EndGlobalSection
	GlobalSection(SolutionProperties) = preSolution
		HideSolutionNode = FALSE
	EndGlobalSection
	GlobalSection(NestedProjects) = preSolution
		{804EB780-3C78-4314-B162-3309BC55E313} = {9028AF21-8BC8-469E-BF5F-267A80F9AC02}
		{746CAF52-2AB6-4E0E-8485-26066C01C7EC} = {9028AF21-8BC8-469E-BF5F-267A80F9AC02}
	EndGlobalSection
EndGlobal
